# @generated - this file is auto-generated by `mise lock` https://mise.en.dev/dev-tools/mise-lock.html

[[tools.go]]
version = "1.25.9"
backend = "core:go"

[tools.go."platforms.linux-arm64"]
checksum = "sha256:ec342e7389b7f489564ed5463c63b16cf8040023dabc7861256677165a8c0e2b"
url = "https://dl.google.com/go/go1.25.9.linux-arm64.tar.gz"

[tools.go."platforms.linux-arm64-musl"]
checksum = "sha256:ec342e7389b7f489564ed5463c63b16cf8040023dabc7861256677165a8c0e2b"
url = "https://dl.google.com/go/go1.25.9.linux-arm64.tar.gz"

[tools.go."platforms.linux-x64"]
checksum = "sha256:00859d7bd6defe8bf84d9db9e57b9a4467b2887c18cd93ae7460e713db774bc1"
url = "https://dl.google.com/go/go1.25.9.linux-amd64.tar.gz"

[tools.go."platforms.linux-x64-musl"]
checksum = "sha256:00859d7bd6defe8bf84d9db9e57b9a4467b2887c18cd93ae7460e713db774bc1"
url = "https://dl.google.com/go/go1.25.9.linux-amd64.tar.gz"

[tools.go."platforms.macos-arm64"]
checksum = "sha256:9528be7329b9770631a6bd09ca2f3a73ed7332bec01d87435e75e92d8f130363"
url = "https://dl.google.com/go/go1.25.9.darwin-arm64.tar.gz"

[tools.go."platforms.macos-x64"]
checksum = "sha256:92cb78fba4796e218c1accb0ea0a214ef2094c382049a244ad6505505d015fbe"
url = "https://dl.google.com/go/go1.25.9.darwin-amd64.tar.gz"

[tools.go."platforms.windows-x64"]
checksum = "sha256:a7a710e225467b34e9e09fb432b829c86c9b2da5821ee5418f7eb2e8ae1a22cc"
url = "https://dl.google.com/go/go1.25.9.windows-amd64.zip"

[[tools.goreleaser]]
version = "2.15.4"
backend = "aqua:goreleaser/goreleaser"

[tools.goreleaser."platforms.linux-arm64"]
checksum = "sha256:de01ca1497571e9b348413cd2e7f74be49b8d57696ae386f7eedd06176544a88"
url = "https://github.com/goreleaser/goreleaser/releases/download/v2.15.4/goreleaser_Linux_arm64.tar.gz"
provenance = "github-attestations"

[tools.goreleaser."platforms.linux-arm64-musl"]
checksum = "sha256:de01ca1497571e9b348413cd2e7f74be49b8d57696ae386f7eedd06176544a88"
url = "https://github.com/goreleaser/goreleaser/releases/download/v2.15.4/goreleaser_Linux_arm64.tar.gz"
provenance = "github-attestations"

[tools.goreleaser."platforms.linux-x64"]
checksum = "sha256:aae00c71a4a6d55e08cce9273a1516bdce33c1e07cffb7e502fa6fec4377dede"
url = "https://github.com/goreleaser/goreleaser/releases/download/v2.15.4/goreleaser_Linux_x86_64.tar.gz"
provenance = "github-attestations"

[tools.goreleaser."platforms.linux-x64-musl"]
checksum = "sha256:aae00c71a4a6d55e08cce9273a1516bdce33c1e07cffb7e502fa6fec4377dede"
url = "https://github.com/goreleaser/goreleaser/releases/download/v2.15.4/goreleaser_Linux_x86_64.tar.gz"
provenance = "github-attestations"

[tools.goreleaser."platforms.macos-arm64"]
checksum = "sha256:82d730f3366350c90d7e5df3cf9e8e425fd1c84bf7d7e3e564f92d97c5ea9ea4"
url = "https://github.com/goreleaser/goreleaser/releases/download/v2.15.4/goreleaser_Darwin_all.tar.gz"
provenance = "github-attestations"

[tools.goreleaser."platforms.macos-x64"]
checksum = "sha256:82d730f3366350c90d7e5df3cf9e8e425fd1c84bf7d7e3e564f92d97c5ea9ea4"
url = "https://github.com/goreleaser/goreleaser/releases/download/v2.15.4/goreleaser_Darwin_all.tar.gz"
provenance = "github-attestations"

[tools.goreleaser."platforms.windows-x64"]
checksum = "sha256:146695f49717dfd79d64d5d6f4b1d25e2b56d73e723bbf68a8dc13ce5cf69693"
url = "https://github.com/goreleaser/goreleaser/releases/download/v2.15.4/goreleaser_Windows_x86_64.zip"
provenance = "github-attestations"

[[tools.zizmor]]
version = "1.24.1"
backend = "aqua:zizmorcore/zizmor"

[tools.zizmor."platforms.linux-arm64"]
checksum = "sha256:d66e37ef8a375fb07939c630ebf9709a6e0f20242bdc3faf672a7ed97e0b768d"
url = "https://github.com/zizmorcore/zizmor/releases/download/v1.24.1/zizmor-aarch64-unknown-linux-gnu.tar.gz"
provenance = "github-attestations"

[tools.zizmor."platforms.linux-arm64-musl"]
provenance = "github-attestations"

[tools.zizmor."platforms.linux-x64"]
checksum = "sha256:a8000f3c683319a523d3b20df0e75457ba591f049cfcbfa98966631b56733c03"
url = "https://github.com/zizmorcore/zizmor/releases/download/v1.24.1/zizmor-x86_64-unknown-linux-gnu.tar.gz"
provenance = "github-attestations"

[tools.zizmor."platforms.linux-x64-musl"]
provenance = "github-attestations"

[tools.zizmor."platforms.macos-arm64"]
checksum = "sha256:fc4ea59e18bc028dddb5f710b16dbc361b01ff1e7a20c03b8e5778366ca9f4e1"
url = "https://github.com/zizmorcore/zizmor/releases/download/v1.24.1/zizmor-aarch64-apple-darwin.tar.gz"
provenance = "github-attestations"

[tools.zizmor."platforms.macos-x64"]
checksum = "sha256:721ba70d7fca753aeef1a4ee959a9bc20c55784d4faa6c56e66129a2611fd52f"
url = "https://github.com/zizmorcore/zizmor/releases/download/v1.24.1/zizmor-x86_64-apple-darwin.tar.gz"
provenance = "github-attestations"

[tools.zizmor."platforms.windows-x64"]
checksum = "sha256:b777ec2cb1098139ba74b32e30d11ed149c69ab692d23788c466d4a31704bd4b"
url = "https://github.com/zizmorcore/zizmor/releases/download/v1.24.1/zizmor-x86_64-pc-windows-msvc.zip"
provenance = "github-attestations"
